
Microsoft Visual Studio Solution File, Format Version 12.00
# Visual Studio Version 16
VisualStudioVersion = 16.0.29215.179
MinimumVisualStudioVersion = 10.0.40219.1
Project("{9A19103F-16F7-4668-BE54-9A1E7A4F7556}") = "IntegrationTests", "IntegrationTests.csproj", "{B52D4743-8384-43A5-ACBA-B3F3F1C29541}"
EndProject
Global
	GlobalSection(SolutionConfigurationPlatforms) = preSolution
		Debug|Any CPU = Debug|Any CPU
		Release|Any CPU = Release|Any CPU
	EndGlobalSection
	GlobalSection(ProjectConfigurationPlatforms) = postSolution
		{B52D4743-8384-43A5-ACBA-B3F3F1C29541}.Debug|Any CPU.ActiveCfg = Debug|Any CPU
		{B52D4743-8384-43A5-ACBA-B3F3F1C29541}.Debug|Any CPU.Build.0 = Debug|Any CPU
		{B52D4743-8384-43A5-ACBA-B3F3F1C29541}.Release|Any CPU.ActiveCfg = Release|Any CPU
		{B52D4743-8384-43A5-ACBA-B3F3F1C29541}.Release|Any CPU.Build.0 = Release|Any CPU
	EndGlobalSection
	GlobalSection(SolutionProperties) = preSolution
		HideSolutionNode = FALSE
	EndGlobalSection
	GlobalSection(ExtensibilityGlobals) = postSolution
		SolutionGuid = {BD9DDCF0-E853-4326-B0A7-B94FB4955EDA}
	EndGlobalSection
EndGlobal
